hash: e998bb4c6757a17649411af4d35b98ec10c6d66e155b1e6b1235fdb3559235e1
updated: 2017-01-25T10:25:18.57687645-05:00
imports:
- name: github.com/gorilla/websocket
  version: 3ab3a8b8831546bd18fd182c20687ca853b2bb13
- name: github.com/satori/go.uuid
  version: 879c5887cd475cd7864858769793b2ceb0d44feb
testImports: []
